
Microsoft Visual Studio Solution File, Format Version 12.00
# Visual Studio Version 16
VisualStudioVersion = 16.0.30907.101
MinimumVisualStudioVersion = 10.0.40219.1
Project("{9A19103F-16F7-4668-BE54-9A1E7A4F7556}") = "CadastroCaminhaoUnitTestProject", "CadastroCaminhaoUnitTestProject\CadastroCaminhaoUnitTestProject.csproj", "{4064C7D0-807A-4DDE-9677-ECED499BA850}"
EndProject
Project("{9A19103F-16F7-4668-BE54-9A1E7A4F7556}") = "CadastroCaminhao", "CadastroCaminhao\CadastroCaminhao.csproj", "{4A7A2828-60F7-45A7-AABE-D52F89C3C35E}"
EndProject
Global
	GlobalSection(SolutionConfigurationPlatforms) = preSolution
		Debug|Any CPU = Debug|Any CPU
		Release|Any CPU = Release|Any CPU
	EndGlobalSection
	GlobalSection(ProjectConfigurationPlatforms) = postSolution
		{4064C7D0-807A-4DDE-9677-ECED499BA850}.Debug|Any CPU.ActiveCfg = Debug|Any CPU
		{4064C7D0-807A-4DDE-9677-ECED499BA850}.Debug|Any CPU.Build.0 = Debug|Any CPU
		{4064C7D0-807A-4DDE-9677-ECED499BA850}.Release|Any CPU.ActiveCfg = Release|Any CPU
		{4064C7D0-807A-4DDE-9677-ECED499BA850}.Release|Any CPU.Build.0 = Release|Any CPU
		{4A7A2828-60F7-45A7-AABE-D52F89C3C35E}.Debug|Any CPU.ActiveCfg = Debug|Any CPU
		{4A7A2828-60F7-45A7-AABE-D52F89C3C35E}.Debug|Any CPU.Build.0 = Debug|Any CPU
		{4A7A2828-60F7-45A7-AABE-D52F89C3C35E}.Release|Any CPU.ActiveCfg = Release|Any CPU
		{4A7A2828-60F7-45A7-AABE-D52F89C3C35E}.Release|Any CPU.Build.0 = Release|Any CPU
	EndGlobalSection
	GlobalSection(SolutionProperties) = preSolution
		HideSolutionNode = FALSE
	EndGlobalSection
	GlobalSection(ExtensibilityGlobals) = postSolution
		SolutionGuid = {3DDD5FD9-DE5F-4ED7-98D7-78BAFBC95780}
	EndGlobalSection
EndGlobal
